{
  "name": "contract-scout-gauge-tests",
  "version": "0.1.0",
  "lockfileVersion": 3,
  "requires": true,
  "packages": {
    "": {
      "name": "contract-scout-gauge-tests",
      "version": "0.1.0",
      "devDependencies": {
        "@getgauge/cli": "1.6.36"
      }
    },
    "node_modules/@getgauge/cli": {
      "version": "1.6.36",
      "resolved": "https://registry.npmjs.org/@getgauge/cli/-/cli-1.6.36.tgz",
      "integrity": "sha512-Z+G4d7270gYYBKqdhJDSzUf+F/BcdaUEsssUhRfhmnYk2E9EDblzyVDDhzLDCsBdAyIRWPri0H754FjPQgkXxw==",
      "dev": true,
      "hasInstallScript": true,
      "license": "Apache-2.0",
      "dependencies": {
        "adm-zip": "^0.6.0"
      },
      "bin": {
        "gauge": "bin/gauge"
      }
    },
    "node_modules/adm-zip": {
      "version": "0.6.0",
      "resolved": "https://registry.npmjs.org/adm-zip/-/adm-zip-0.6.0.tgz",
      "integrity": "sha512-XleryMhbuksdKtofnWZ9Sk+4CUTbms4Mb/EU32SZwToAyZ5RgVos/ki8n+yr0LWHOGKuakbXTuuYNHLQjhddgg==",
      "dev": true,
      "license": "MIT",
      "engines": {
        "node": ">=14.0"
      }
    }
  }
}
